// !$*UTF8*$!
{
	archiveVersion = 1;
	classes = {
	};
	objectVersion = 48;
	objects = {

/* Begin PBXBuildFile section */
		AC8C2B5620B6F271008DE364 /* AppDelegate.swift in Sources */ = {isa = PBXBuildFile; fileRef = AC8C2B5520B6F271008DE364 /* AppDelegate.swift */; };
		AC8C2B5820B6F271008DE364 /* ViewController.swift in Sources */ = {isa = PBXBuildFile; fileRef = AC8C2B5720B6F271008DE364 /* ViewController.swift */; };
		AC8C2B5B20B6F271008DE364 /* Main.storyboard in Resources */ = {isa = PBXBuildFile; fileRef = AC8C2B5920B6F271008DE364 /* Main.storyboard */; };
		AC8C2B5D20B6F271008DE364 /* Assets.xcassets in Resources */ = {isa = PBXBuildFile; fileRef = AC8C2B5C20B6F271008DE364 /* Assets.xcassets */; };
		AC8C2B6020B6F271008DE364 /* LaunchScreen.storyboard in Resources */ = {isa = PBXBuildFile; fileRef = AC8C2B5E20B6F271008DE364 /* LaunchScreen.storyboard */; };
		AC8C2B6C20B6F485008DE364 /* MoneyModel.swift in Sources */ = {isa = PBXBuildFile; fileRef = AC8C2B6B20B6F485008DE364 /* MoneyModel.swift */; };
		AC8C2B6E20B6F7C4008DE364 /* MoneyViewModel.swift in Sources */ = {isa = PBXBuildFile; fileRef = AC8C2B6D20B6F7C4008DE364 /* MoneyViewModel.swift */; };
/* End PBXBuildFile section */

/* Begin PBXFileReference section */
		AC8C2B5220B6F271008DE364 /* MVVM Kullanimi.app */ = {isa = PBXFileReference; explicitFileType = wrapper.application; includeInIndex = 0; path = "MVVM Kullanimi.app"; sourceTree = BUILT_PRODUCTS_DIR; };
		AC8C2B5520B6F271008DE364 /* AppDelegate.swift */ = {isa = PBXFileReference; lastKnownFileType = sourcecode.swift; path = AppDelegate.swift; sourceTree = "<group>"; };
		AC8C2B5720B6F271008DE364 /* ViewController.swift */ = {isa = PBXFileReference; lastKnownFileType = sourcecode.swift; path = ViewController.swift; sourceTree = "<group>"; };
		AC8C2B5A20B6F271008DE364 /* Base */ = {isa = PBXFileReference; lastKnownFileType = file.storyboard; name = Base; path = Base.lproj/Main.storyboard; sourceTree = "<group>"; };
		AC8C2B5C20B6F271008DE364 /* Assets.xcassets */ = {isa = PBXFileReference; lastKnownFileType = folder.assetcatalog; path = Assets.xcassets; sourceTree = "<group>"; };
		AC8C2B5F20B6F271008DE364 /* Base */ = {isa = PBXFileReference; lastKnownFileType = file.storyboard; name = Base; path = Base.lproj/LaunchScreen.storyboard; sourceTree = "<group>"; };
		AC8C2B6120B6F271008DE364 /* Info.plist */ = {isa = PBXFileReference; lastKnownFileType = text.plist.xml; path = Info.plist; sourceTree = "<group>"; };
		AC8C2B6B20B6F485008DE364 /* MoneyModel.swift */ = {isa = PBXFileReference; lastKnownFileType = sourcecode.swift; path = MoneyModel.swift; sourceTree = "<group>"; };
		AC8C2B6D20B6F7C4008DE364 /* MoneyViewModel.swift */ = {isa = PBXFileReference; lastKnownFileType = sourcecode.swift; path = MoneyViewModel.swift; sourceTree = "<group>"; };
/* End PBXFileReference section */

/* Begin PBXFrameworksBuildPhase section */
		AC8C2B4F20B6F271008DE364 /* Frameworks */ = {
			isa = PBXFrameworksBuildPhase;
			buildActionMask = 2147483647;
			files = (
			);
			runOnlyForDeploymentPostprocessing = 0;
		};
/* End PBXFrameworksBuildPhase section */

/* Begin PBXGroup section */
		AC8C2B4920B6F271008DE364 = {
			isa = PBXGroup;
			children = (
				AC8C2B5420B6F271008DE364 /* MVVM Kullanimi */,
				AC8C2B5320B6F271008DE364 /* Products */,
			);
			sourceTree = "<group>";
		};
		AC8C2B5320B6F271008DE364 /* Products */ = {
			isa = PBXGroup;
			children = (
				AC8C2B5220B6F271008DE364 /* MVVM Kullanimi.app */,
			);
			name = Products;
			sourceTree = "<group>";
		};
		AC8C2B5420B6F271008DE364 /* MVVM Kullanimi */ = {
			isa = PBXGroup;
			children = (
				AC8C2B6A20B6F441008DE364 /* ViewModel */,
				AC8C2B6920B6F43B008DE364 /* View */,
				AC8C2B6820B6F430008DE364 /* Controller */,
				AC8C2B6720B6F40B008DE364 /* Model */,
				AC8C2B5520B6F271008DE364 /* AppDelegate.swift */,
				AC8C2B5C20B6F271008DE364 /* Assets.xcassets */,
				AC8C2B5E20B6F271008DE364 /* LaunchScreen.storyboard */,
				AC8C2B6120B6F271008DE364 /* Info.plist */,
			);
			path = "MVVM Kullanimi";
			sourceTree = "<group>";
		};
		AC8C2B6720B6F40B008DE364 /* Model */ = {
			isa = PBXGroup;
			children = (
				AC8C2B6B20B6F485008DE364 /* MoneyModel.swift */,
			);
			path = Model;
			sourceTree = "<group>";
		};
		AC8C2B6820B6F430008DE364 /* Controller */ = {
			isa = PBXGroup;
			children = (
				AC8C2B5720B6F271008DE364 /* ViewController.swift */,
			);
			path = Controller;
			sourceTree = "<group>";
		};
		AC8C2B6920B6F43B008DE364 /* View */ = {
			isa = PBXGroup;
			children = (
				AC8C2B5920B6F271008DE364 /* Main.storyboard */,
			);
			path = View;
			sourceTree = "<group>";
		};
		AC8C2B6A20B6F441008DE364 /* ViewModel */ = {
			isa = PBXGroup;
			children = (
				AC8C2B6D20B6F7C4008DE364 /* MoneyViewModel.swift */,
			);
			path = ViewModel;
			sourceTree = "<group>";
		};
/* End PBXGroup section */

/* Begin PBXNativeTarget section */
		AC8C2B5120B6F271008DE364 /* MVVM Kullanimi */ = {
			isa = PBXNativeTarget;
			buildConfigurationList = AC8C2B6420B6F271008DE364 /* Build configuration list for PBXNativeTarget "MVVM Kullanimi" */;
			buildPhases = (
				AC8C2B4E20B6F271008DE364 /* Sources */,
				AC8C2B4F20B6F271008DE364 /* Frameworks */,
				AC8C2B5020B6F271008DE364 /* Resources */,
			);
			buildRules = (
			);
			dependencies = (
			);
			name = "MVVM Kullanimi";
			productName = "MVVM Kullanimi";
			productReference = AC8C2B5220B6F271008DE364 /* MVVM Kullanimi.app */;
			productType = "com.apple.product-type.application";
		};
/* End PBXNativeTarget section */

/* Begin PBXProject section */
		AC8C2B4A20B6F271008DE364 /* Project object */ = {
			isa = PBXProject;
			attributes = {
				LastSwiftUpdateCheck = 0920;
				LastUpgradeCheck = 0920;
				ORGANIZATIONNAME = "fatih acar";
				TargetAttributes = {
					AC8C2B5120B6F271008DE364 = {
						CreatedOnToolsVersion = 9.2;
						ProvisioningStyle = Automatic;
					};
				};
			};
			buildConfigurationList = AC8C2B4D20B6F271008DE364 /* Build configuration list for PBXProject "MVVM Kullanimi" */;
			compatibilityVersion = "Xcode 8.0";
			developmentRegion = en;
			hasScannedForEncodings = 0;
			knownRegions = (
				en,
				Base,
			);
			mainGroup = AC8C2B4920B6F271008DE364;
			productRefGroup = AC8C2B5320B6F271008DE364 /* Products */;
			projectDirPath = "";
			projectRoot = "";
			targets = (
				AC8C2B5120B6F271008DE364 /* MVVM Kullanimi */,
			);
		};
/* End PBXProject section */

/* Begin PBXResourcesBuildPhase section */
		AC8C2B5020B6F271008DE364 /* Resources */ = {
			isa = PBXResourcesBuildPhase;
			buildActionMask = 2147483647;
			files = (
				AC8C2B6020B6F271008DE364 /* LaunchScreen.storyboard in Resources */,
				AC8C2B5D20B6F271008DE364 /* Assets.xcassets in Resources */,
				AC8C2B5B20B6F271008DE364 /* Main.storyboard in Resources */,
			);
			runOnlyForDeploymentPostprocessing = 0;
		};
/* End PBXResourcesBuildPhase section */

/* Begin PBXSourcesBuildPhase section */
		AC8C2B4E20B6F271008DE364 /* Sources */ = {
			isa = PBXSourcesBuildPhase;
			buildActionMask = 2147483647;
			files = (
				AC8C2B6C20B6F485008DE364 /* MoneyModel.swift in Sources */,
				AC8C2B5820B6F271008DE364 /* ViewController.swift in Sources */,
				AC8C2B5620B6F271008DE364 /* AppDelegate.swift in Sources */,
				AC8C2B6E20B6F7C4008DE364 /* MoneyViewModel.swift in Sources */,
			);
			runOnlyForDeploymentPostprocessing = 0;
		};
/* End PBXSourcesBuildPhase section */

/* Begin PBXVariantGroup section */
		AC8C2B5920B6F271008DE364 /* Main.storyboard */ = {
			isa = PBXVariantGroup;
			children = (
				AC8C2B5A20B6F271008DE364 /* Base */,
			);
			name = Main.storyboard;
			sourceTree = "<group>";
		};
		AC8C2B5E20B6F271008DE364 /* LaunchScreen.storyboard */ = {
			isa = PBXVariantGroup;
			children = (
				AC8C2B5F20B6F271008DE364 /* Base */,
			);
			name = LaunchScreen.storyboard;
			sourceTree = "<group>";
		};
/* End PBXVariantGroup section */

/* Begin XCBuildConfiguration section */
		AC8C2B6220B6F271008DE364 /* Debug */ = {
			isa = XCBuildConfiguration;
			buildSettings = {
				ALWAYS_SEARCH_USER_PATHS = NO;
				CLANG_ANALYZER_NONNULL = YES;
				CLANG_ANALYZER_NUMBER_OBJECT_CONVERSION = YES_AGGRESSIVE;
				CLANG_CXX_LANGUAGE_STANDARD = "gnu++14";
				CLANG_CXX_LIBRARY = "libc++";
				CLANG_ENABLE_MODULES = YES;
				CLANG_ENABLE_OBJC_ARC = YES;
				CLANG_WARN_BLOCK_CAPTURE_AUTORELEASING = YES;
				CLANG_WARN_BOOL_CONVERSION = YES;
				CLANG_WARN_COMMA = YES;
				CLANG_WARN_CONSTANT_CONVERSION = YES;
				CLANG_WARN_DIRECT_OBJC_ISA_USAGE = YES_ERROR;
				CLANG_WARN_DOCUMENTATION_COMMENTS = YES;
				CLANG_WARN_EMPTY_BODY = YES;
				CLANG_WARN_ENUM_CONVERSION = YES;
				CLANG_WARN_INFINITE_RECURSION = YES;
				CLANG_WARN_INT_CONVERSION = YES;
				CLANG_WARN_NON_LITERAL_NULL_CONVERSION = YES;
				CLANG_WARN_OBJC_LITERAL_CONVERSION = YES;
				CLANG_WARN_OBJC_ROOT_CLASS = YES_ERROR;
				CLANG_WARN_RANGE_LOOP_ANALYSIS = YES;
				CLANG_WARN_STRICT_PROTOTYPES = YES;
				CLANG_WARN_SUSPICIOUS_MOVE = YES;
				CLANG_WARN_UNGUARDED_AVAILABILITY = YES_AGGRESSIVE;
				CLANG_WARN_UNREACHABLE_CODE = YES;
				CLANG_WARN__DUPLICATE_METHOD_MATCH = YES;
				CODE_SIGN_IDENTITY = "iPhone Developer";
				COPY_PHASE_STRIP = NO;
				DEBUG_INFORMATION_FORMAT = dwarf;
				ENABLE_STRICT_OBJC_MSGSEND = YES;
				ENABLE_TESTABILITY = YES;
				GCC_C_LANGUAGE_STANDARD = gnu11;
				GCC_DYNAMIC_NO_PIC = NO;
				GCC_NO_COMMON_BLOCKS = YES;
				GCC_OPTIMIZATION_LEVEL = 0;
				GCC_PREPROCESSOR_DEFINITIONS = (
					"DEBUG=1",
					"$(inherited)",
				);
				GCC_WARN_64_TO_32_BIT_CONVERSION = YES;
				GCC_WARN_ABOUT_RETURN_TYPE = YES_ERROR;
				GCC_WARN_UNDECLARED_SELECTOR = YES;
				GCC_WARN_UNINITIALIZED_AUTOS = YES_AGGRESSIVE;
				GCC_WARN_UNUSED_FUNCTION = YES;
				GCC_WARN_UNUSED_VARIABLE = YES;
				IPHONEOS_DEPLOYMENT_TARGET = 11.2;
				MTL_ENABLE_DEBUG_INFO = YES;
				ONLY_ACTIVE_ARCH = YES;
				SDKROOT = iphoneos;
				SWIFT_ACTIVE_COMPILATION_CONDITIONS = DEBUG;
				SWIFT_OPTIMIZATION_LEVEL = "-Onone";
			};
			name = Debug;
		};
		AC8C2B6320B6F271008DE364 /* Release */ = {
			isa = XCBuildConfiguration;
			buildSettings = {
				ALWAYS_SEARCH_USER_PATHS = NO;
				CLANG_ANALYZER_NONNULL = YES;
				CLANG_ANALYZER_NUMBER_OBJECT_CONVERSION = YES_AGGRESSIVE;
				CLANG_CXX_LANGUAGE_STANDARD = "gnu++14";
				CLANG_CXX_LIBRARY = "libc++";
				CLANG_ENABLE_MODULES = YES;
				CLANG_ENABLE_OBJC_ARC = YES;
				CLANG_WARN_BLOCK_CAPTURE_AUTORELEASING = YES;
				CLANG_WARN_BOOL_CONVERSION = YES;
				CLANG_WARN_COMMA = YES;
				CLANG_WARN_CONSTANT_CONVERSION = YES;
				CLANG_WARN_DIRECT_OBJC_ISA_USAGE = YES_ERROR;
				CLANG_WARN_DOCUMENTATION_COMMENTS = YES;
				CLANG_WARN_EMPTY_BODY = YES;
				CLANG_WARN_ENUM_CONVERSION = YES;
				CLANG_WARN_INFINITE_RECURSION = YES;
				CLANG_WARN_INT_CONVERSION = YES;
				CLANG_WARN_NON_LITERAL_NULL_CONVERSION = YES;
				CLANG_WARN_OBJC_LITERAL_CONVERSION = YES;
				CLANG_WARN_OBJC_ROOT_CLASS = YES_ERROR;
				CLANG_WARN_RANGE_LOOP_ANALYSIS = YES;
				CLANG_WARN_STRICT_PROTOTYPES = YES;
				CLANG_WARN_SUSPICIOUS_MOVE = YES;
				CLANG_WARN_UNGUARDED_AVAILABILITY = YES_AGGRESSIVE;
				CLANG_WARN_UNREACHABLE_CODE = YES;
				CLANG_WARN__DUPLICATE_METHOD_MATCH = YES;
				CODE_SIGN_IDENTITY = "iPhone Developer";
				COPY_PHASE_STRIP = NO;
				DEBUG_INFORMATION_FORMAT = "dwarf-with-dsym";
				ENABLE_NS_ASSERTIONS = NO;
				ENABLE_STRICT_OBJC_MSGSEND = YES;
				GCC_C_LANGUAGE_STANDARD = gnu11;
				GCC_NO_COMMON_BLOCKS = YES;
				GCC_WARN_64_TO_32_BIT_CONVERSION = YES;
				GCC_WARN_ABOUT_RETURN_TYPE = YES_ERROR;
				GCC_WARN_UNDECLARED_SELECTOR = YES;
				GCC_WARN_UNINITIALIZED_AUTOS = YES_AGGRESSIVE;
				GCC_WARN_UNUSED_FUNCTION = YES;
				GCC_WARN_UNUSED_VARIABLE = YES;
				IPHONEOS_DEPLOYMENT_TARGET = 11.2;
				MTL_ENABLE_DEBUG_INFO = NO;
				SDKROOT = iphoneos;
				SWIFT_OPTIMIZATION_LEVEL = "-Owholemodule";
				VALIDATE_PRODUCT = YES;
			};
			name = Release;
		};
		AC8C2B6520B6F271008DE364 /* Debug */ = {
			isa = XCBuildConfiguration;
			buildSettings = {
				ASSETCATALOG_COMPILER_APPICON_NAME = AppIcon;
				CODE_SIGN_STYLE = Automatic;
				DEVELOPMENT_TEAM = ZFE983N23N;
				INFOPLIST_FILE = "MVVM Kullanimi/Info.plist";
				LD_RUNPATH_SEARCH_PATHS = "$(inherited) @executable_path/Frameworks";
				PRODUCT_BUNDLE_IDENTIFIER = "com.trkaynak.MVVM-Kullanimi";
				PRODUCT_NAME = "$(TARGET_NAME)";
				SWIFT_VERSION = 4.0;
				TARGETED_DEVICE_FAMILY = "1,2";
			};
			name = Debug;
		};
		AC8C2B6620B6F271008DE364 /* Release */ = {
			isa = XCBuildConfiguration;
			buildSettings = {
				ASSETCATALOG_COMPILER_APPICON_NAME = AppIcon;
				CODE_SIGN_STYLE = Automatic;
				DEVELOPMENT_TEAM = ZFE983N23N;
				INFOPLIST_FILE = "MVVM Kullanimi/Info.plist";
				LD_RUNPATH_SEARCH_PATHS = "$(inherited) @executable_path/Frameworks";
				PRODUCT_BUNDLE_IDENTIFIER = "com.trkaynak.MVVM-Kullanimi";
				PRODUCT_NAME = "$(TARGET_NAME)";
				SWIFT_VERSION = 4.0;
				TARGETED_DEVICE_FAMILY = "1,2";
			};
			name = Release;
		};
/* End XCBuildConfiguration section */

/* Begin XCConfigurationList section */
		AC8C2B4D20B6F271008DE364 /* Build configuration list for PBXProject "MVVM Kullanimi" */ = {
			isa = XCConfigurationList;
			buildConfigurations = (
				AC8C2B6220B6F271008DE364 /* Debug */,
				AC8C2B6320B6F271008DE364 /* Release */,
			);
			defaultConfigurationIsVisible = 0;
			defaultConfigurationName = Release;
		};
		AC8C2B6420B6F271008DE364 /* Build configuration list for PBXNativeTarget "MVVM Kullanimi" */ = {
			isa = XCConfigurationList;
			buildConfigurations = (
				AC8C2B6520B6F271008DE364 /* Debug */,
				AC8C2B6620B6F271008DE364 /* Release */,
			);
			defaultConfigurationIsVisible = 0;
			defaultConfigurationName = Release;
		};
/* End XCConfigurationList section */
	};
	rootObject = AC8C2B4A20B6F271008DE364 /* Project object */;
}
